// !$*UTF8*$!
{
	archiveVersion = 1;
	classes = {
	};
	objectVersion = 55;
	objects = {

/* Begin PBXBuildFile section */
		A04DC6622826D0DB00A725E6 /* AppDelegate.swift in Sources */ = {isa = PBXBuildFile; fileRef = A04DC6612826D0DB00A725E6 /* AppDelegate.swift */; };
		A04DC6642826D0DB00A725E6 /* SceneDelegate.swift in Sources */ = {isa = PBXBuildFile; fileRef = A04DC6632826D0DB00A725E6 /* SceneDelegate.swift */; };
		A04DC6662826D0DB00A725E6 /* WelcomeViewController.swift in Sources */ = {isa = PBXBuildFile; fileRef = A04DC6652826D0DB00A725E6 /* WelcomeViewController.swift */; };
		A04DC6692826D0DB00A725E6 /* Main.storyboard in Resources */ = {isa = PBXBuildFile; fileRef = A04DC6672826D0DB00A725E6 /* Main.storyboard */; };
		A04DC66B2826D0DE00A725E6 /* Assets.xcassets in Resources */ = {isa = PBXBuildFile; fileRef = A04DC66A2826D0DE00A725E6 /* Assets.xcassets */; };
		A04DC66E2826D0DE00A725E6 /* LaunchScreen.storyboard in Resources */ = {isa = PBXBuildFile; fileRef = A04DC66C2826D0DE00A725E6 /* LaunchScreen.storyboard */; };
		A09E60BA28272C72005534C5 /* LoginViewController.swift in Sources */ = {isa = PBXBuildFile; fileRef = A09E60B928272C72005534C5 /* LoginViewController.swift */; };
		A09E60BC28272C97005534C5 /* RegisterViewController.swift in Sources */ = {isa = PBXBuildFile; fileRef = A09E60BB28272C97005534C5 /* RegisterViewController.swift */; };
		A09E60BF28273AF2005534C5 /* HomeViewController.swift in Sources */ = {isa = PBXBuildFile; fileRef = A09E60BE28273AF2005534C5 /* HomeViewController.swift */; };
		A09E60C128276C2C005534C5 /* BookViewController.swift in Sources */ = {isa = PBXBuildFile; fileRef = A09E60C028276C2C005534C5 /* BookViewController.swift */; };
		A09E60CA28276EDA005534C5 /* BookTableViewCell.swift in Sources */ = {isa = PBXBuildFile; fileRef = A09E60C828276EDA005534C5 /* BookTableViewCell.swift */; };
		A09E60CB28276EDA005534C5 /* BookTableViewCell.xib in Resources */ = {isa = PBXBuildFile; fileRef = A09E60C928276EDA005534C5 /* BookTableViewCell.xib */; };
		A09E60CD2827763A005534C5 /* AddBookViewController.swift in Sources */ = {isa = PBXBuildFile; fileRef = A09E60CC2827763A005534C5 /* AddBookViewController.swift */; };
		A09E60CF28278DCF005534C5 /* Model.swift in Sources */ = {isa = PBXBuildFile; fileRef = A09E60CE28278DCF005534C5 /* Model.swift */; };
		A09E60D128278EC0005534C5 /* FetchData.swift in Sources */ = {isa = PBXBuildFile; fileRef = A09E60D028278EC0005534C5 /* FetchData.swift */; };
/* End PBXBuildFile section */

/* Begin PBXFileReference section */
		A04DC65E2826D0DB00A725E6 /* libraryLoanAmr.app */ = {isa = PBXFileReference; explicitFileType = wrapper.application; includeInIndex = 0; path = libraryLoanAmr.app; sourceTree = BUILT_PRODUCTS_DIR; };
		A04DC6612826D0DB00A725E6 /* AppDelegate.swift */ = {isa = PBXFileReference; lastKnownFileType = sourcecode.swift; path = AppDelegate.swift; sourceTree = "<group>"; };
		A04DC6632826D0DB00A725E6 /* SceneDelegate.swift */ = {isa = PBXFileReference; lastKnownFileType = sourcecode.swift; path = SceneDelegate.swift; sourceTree = "<group>"; };
		A04DC6652826D0DB00A725E6 /* WelcomeViewController.swift */ = {isa = PBXFileReference; lastKnownFileType = sourcecode.swift; path = WelcomeViewController.swift; sourceTree = "<group>"; };
		A04DC6682826D0DB00A725E6 /* Base */ = {isa = PBXFileReference; lastKnownFileType = file.storyboard; name = Base; path = Base.lproj/Main.storyboard; sourceTree = "<group>"; };
		A04DC66A2826D0DE00A725E6 /* Assets.xcassets */ = {isa = PBXFileReference; lastKnownFileType = folder.assetcatalog; path = Assets.xcassets; sourceTree = "<group>"; };
		A04DC66D2826D0DE00A725E6 /* Base */ = {isa = PBXFileReference; lastKnownFileType = file.storyboard; name = Base; path = Base.lproj/LaunchScreen.storyboard; sourceTree = "<group>"; };
		A04DC66F2826D0DE00A725E6 /* Info.plist */ = {isa = PBXFileReference; lastKnownFileType = text.plist.xml; path = Info.plist; sourceTree = "<group>"; };
		A09E60B928272C72005534C5 /* LoginViewController.swift */ = {isa = PBXFileReference; lastKnownFileType = sourcecode.swift; path = LoginViewController.swift; sourceTree = "<group>"; };
		A09E60BB28272C97005534C5 /* RegisterViewController.swift */ = {isa = PBXFileReference; lastKnownFileType = sourcecode.swift; path = RegisterViewController.swift; sourceTree = "<group>"; };
		A09E60BE28273AF2005534C5 /* HomeViewController.swift */ = {isa = PBXFileReference; lastKnownFileType = sourcecode.swift; path = HomeViewController.swift; sourceTree = "<group>"; };
		A09E60C028276C2C005534C5 /* BookViewController.swift */ = {isa = PBXFileReference; lastKnownFileType = sourcecode.swift; path = BookViewController.swift; sourceTree = "<group>"; };
		A09E60C828276EDA005534C5 /* BookTableViewCell.swift */ = {isa = PBXFileReference; lastKnownFileType = sourcecode.swift; path = BookTableViewCell.swift; sourceTree = "<group>"; };
		A09E60C928276EDA005534C5 /* BookTableViewCell.xib */ = {isa = PBXFileReference; lastKnownFileType = file.xib; path = BookTableViewCell.xib; sourceTree = "<group>"; };
		A09E60CC2827763A005534C5 /* AddBookViewController.swift */ = {isa = PBXFileReference; lastKnownFileType = sourcecode.swift; path = AddBookViewController.swift; sourceTree = "<group>"; };
		A09E60CE28278DCF005534C5 /* Model.swift */ = {isa = PBXFileReference; lastKnownFileType = sourcecode.swift; path = Model.swift; sourceTree = "<group>"; };
		A09E60D028278EC0005534C5 /* FetchData.swift */ = {isa = PBXFileReference; lastKnownFileType = sourcecode.swift; path = FetchData.swift; sourceTree = "<group>"; };
/* End PBXFileReference section */

/* Begin PBXFrameworksBuildPhase section */
		A04DC65B2826D0DB00A725E6 /* Frameworks */ = {
			isa = PBXFrameworksBuildPhase;
			buildActionMask = 2147483647;
			files = (
			);
			runOnlyForDeploymentPostprocessing = 0;
		};
/* End PBXFrameworksBuildPhase section */

/* Begin PBXGroup section */
		A04DC6552826D0DB00A725E6 = {
			isa = PBXGroup;
			children = (
				A04DC6602826D0DB00A725E6 /* libraryLoanAmr */,
				A04DC65F2826D0DB00A725E6 /* Products */,
			);
			sourceTree = "<group>";
		};
		A04DC65F2826D0DB00A725E6 /* Products */ = {
			isa = PBXGroup;
			children = (
				A04DC65E2826D0DB00A725E6 /* libraryLoanAmr.app */,
			);
			name = Products;
			sourceTree = "<group>";
		};
		A04DC6602826D0DB00A725E6 /* libraryLoanAmr */ = {
			isa = PBXGroup;
			children = (
				A04DC6612826D0DB00A725E6 /* AppDelegate.swift */,
				A04DC6632826D0DB00A725E6 /* SceneDelegate.swift */,
				A04DC6672826D0DB00A725E6 /* Main.storyboard */,
				A04DC66A2826D0DE00A725E6 /* Assets.xcassets */,
				A04DC66C2826D0DE00A725E6 /* LaunchScreen.storyboard */,
				A04DC66F2826D0DE00A725E6 /* Info.plist */,
				A09E60BD28272CED005534C5 /* View */,
				A09E60CE28278DCF005534C5 /* Model.swift */,
				A09E60D028278EC0005534C5 /* FetchData.swift */,
			);
			path = libraryLoanAmr;
			sourceTree = "<group>";
		};
		A09E60BD28272CED005534C5 /* View */ = {
			isa = PBXGroup;
			children = (
				A04DC6652826D0DB00A725E6 /* WelcomeViewController.swift */,
				A09E60B928272C72005534C5 /* LoginViewController.swift */,
				A09E60BB28272C97005534C5 /* RegisterViewController.swift */,
				A09E60BE28273AF2005534C5 /* HomeViewController.swift */,
				A09E60C028276C2C005534C5 /* BookViewController.swift */,
				A09E60C828276EDA005534C5 /* BookTableViewCell.swift */,
				A09E60C928276EDA005534C5 /* BookTableViewCell.xib */,
				A09E60CC2827763A005534C5 /* AddBookViewController.swift */,
			);
			path = View;
			sourceTree = "<group>";
		};
/* End PBXGroup section */

/* Begin PBXNativeTarget section */
		A04DC65D2826D0DB00A725E6 /* libraryLoanAmr */ = {
			isa = PBXNativeTarget;
			buildConfigurationList = A04DC6722826D0DE00A725E6 /* Build configuration list for PBXNativeTarget "libraryLoanAmr" */;
			buildPhases = (
				A04DC65A2826D0DB00A725E6 /* Sources */,
				A04DC65B2826D0DB00A725E6 /* Frameworks */,
				A04DC65C2826D0DB00A725E6 /* Resources */,
			);
			buildRules = (
			);
			dependencies = (
			);
			name = libraryLoanAmr;
			productName = libraryLoanAmr;
			productReference = A04DC65E2826D0DB00A725E6 /* libraryLoanAmr.app */;
			productType = "com.apple.product-type.application";
		};
/* End PBXNativeTarget section */

/* Begin PBXProject section */
		A04DC6562826D0DB00A725E6 /* Project object */ = {
			isa = PBXProject;
			attributes = {
				BuildIndependentTargetsInParallel = 1;
				LastSwiftUpdateCheck = 1330;
				LastUpgradeCheck = 1330;
				TargetAttributes = {
					A04DC65D2826D0DB00A725E6 = {
						CreatedOnToolsVersion = 13.3.1;
					};
				};
			};
			buildConfigurationList = A04DC6592826D0DB00A725E6 /* Build configuration list for PBXProject "libraryLoanAmr" */;
			compatibilityVersion = "Xcode 13.0";
			developmentRegion = en;
			hasScannedForEncodings = 0;
			knownRegions = (
				en,
				Base,
			);
			mainGroup = A04DC6552826D0DB00A725E6;
			productRefGroup = A04DC65F2826D0DB00A725E6 /* Products */;
			projectDirPath = "";
			projectRoot = "";
			targets = (
				A04DC65D2826D0DB00A725E6 /* libraryLoanAmr */,
			);
		};
/* End PBXProject section */

/* Begin PBXResourcesBuildPhase section */
		A04DC65C2826D0DB00A725E6 /* Resources */ = {
			isa = PBXResourcesBuildPhase;
			buildActionMask = 2147483647;
			files = (
				A09E60CB28276EDA005534C5 /* BookTableViewCell.xib in Resources */,
				A04DC66E2826D0DE00A725E6 /* LaunchScreen.storyboard in Resources */,
				A04DC66B2826D0DE00A725E6 /* Assets.xcassets in Resources */,
				A04DC6692826D0DB00A725E6 /* Main.storyboard in Resources */,
			);
			runOnlyForDeploymentPostprocessing = 0;
		};
/* End PBXResourcesBuildPhase section */

/* Begin PBXSourcesBuildPhase section */
		A04DC65A2826D0DB00A725E6 /* Sources */ = {
			isa = PBXSourcesBuildPhase;
			buildActionMask = 2147483647;
			files = (
				A09E60CA28276EDA005534C5 /* BookTableViewCell.swift in Sources */,
				A09E60BA28272C72005534C5 /* LoginViewController.swift in Sources */,
				A09E60D128278EC0005534C5 /* FetchData.swift in Sources */,
				A09E60BC28272C97005534C5 /* RegisterViewController.swift in Sources */,
				A04DC6662826D0DB00A725E6 /* WelcomeViewController.swift in Sources */,
				A09E60C128276C2C005534C5 /* BookViewController.swift in Sources */,
				A09E60CF28278DCF005534C5 /* Model.swift in Sources */,
				A04DC6622826D0DB00A725E6 /* AppDelegate.swift in Sources */,
				A04DC6642826D0DB00A725E6 /* SceneDelegate.swift in Sources */,
				A09E60CD2827763A005534C5 /* AddBookViewController.swift in Sources */,
				A09E60BF28273AF2005534C5 /* HomeViewController.swift in Sources */,
			);
			runOnlyForDeploymentPostprocessing = 0;
		};
/* End PBXSourcesBuildPhase section */

/* Begin PBXVariantGroup section */
		A04DC6672826D0DB00A725E6 /* Main.storyboard */ = {
			isa = PBXVariantGroup;
			children = (
				A04DC6682826D0DB00A725E6 /* Base */,
			);
			name = Main.storyboard;
			sourceTree = "<group>";
		};
		A04DC66C2826D0DE00A725E6 /* LaunchScreen.storyboard */ = {
			isa = PBXVariantGroup;
			children = (
				A04DC66D2826D0DE00A725E6 /* Base */,
			);
			name = LaunchScreen.storyboard;
			sourceTree = "<group>";
		};
/* End PBXVariantGroup section */

/* Begin XCBuildConfiguration section */
		A04DC6702826D0DE00A725E6 /* Debug */ = {
			isa = XCBuildConfiguration;
			buildSettings = {
				ALWAYS_SEARCH_USER_PATHS = NO;
				CLANG_ANALYZER_NONNULL = YES;
				CLANG_ANALYZER_NUMBER_OBJECT_CONVERSION = YES_AGGRESSIVE;
				CLANG_CXX_LANGUAGE_STANDARD = "gnu++17";
				CLANG_ENABLE_MODULES = YES;
				CLANG_ENABLE_OBJC_ARC = YES;
				CLANG_ENABLE_OBJC_WEAK = YES;
				CLANG_WARN_BLOCK_CAPTURE_AUTORELEASING = YES;
				CLANG_WARN_BOOL_CONVERSION = YES;
				CLANG_WARN_COMMA = YES;
				CLANG_WARN_CONSTANT_CONVERSION = YES;
				CLANG_WARN_DEPRECATED_OBJC_IMPLEMENTATIONS = YES;
				CLANG_WARN_DIRECT_OBJC_ISA_USAGE = YES_ERROR;
				CLANG_WARN_DOCUMENTATION_COMMENTS = YES;
				CLANG_WARN_EMPTY_BODY = YES;
				CLANG_WARN_ENUM_CONVERSION = YES;
				CLANG_WARN_INFINITE_RECURSION = YES;
				CLANG_WARN_INT_CONVERSION = YES;
				CLANG_WARN_NON_LITERAL_NULL_CONVERSION = YES;
				CLANG_WARN_OBJC_IMPLICIT_RETAIN_SELF = YES;
				CLANG_WARN_OBJC_LITERAL_CONVERSION = YES;
				CLANG_WARN_OBJC_ROOT_CLASS = YES_ERROR;
				CLANG_WARN_QUOTED_INCLUDE_IN_FRAMEWORK_HEADER = YES;
				CLANG_WARN_RANGE_LOOP_ANALYSIS = YES;
				CLANG_WARN_STRICT_PROTOTYPES = YES;
				CLANG_WARN_SUSPICIOUS_MOVE = YES;
				CLANG_WARN_UNGUARDED_AVAILABILITY = YES_AGGRESSIVE;
				CLANG_WARN_UNREACHABLE_CODE = YES;
				CLANG_WARN__DUPLICATE_METHOD_MATCH = YES;
				COPY_PHASE_STRIP = NO;
				DEBUG_INFORMATION_FORMAT = dwarf;
				ENABLE_STRICT_OBJC_MSGSEND = YES;
				ENABLE_TESTABILITY = YES;
				GCC_C_LANGUAGE_STANDARD = gnu11;
				GCC_DYNAMIC_NO_PIC = NO;
				GCC_NO_COMMON_BLOCKS = YES;
				GCC_OPTIMIZATION_LEVEL = 0;
				GCC_PREPROCESSOR_DEFINITIONS = (
					"DEBUG=1",
					"$(inherited)",
				);
				GCC_WARN_64_TO_32_BIT_CONVERSION = YES;
				GCC_WARN_ABOUT_RETURN_TYPE = YES_ERROR;
				GCC_WARN_UNDECLARED_SELECTOR = YES;
				GCC_WARN_UNINITIALIZED_AUTOS = YES_AGGRESSIVE;
				GCC_WARN_UNUSED_FUNCTION = YES;
				GCC_WARN_UNUSED_VARIABLE = YES;
				IPHONEOS_DEPLOYMENT_TARGET = 15.4;
				MTL_ENABLE_DEBUG_INFO = INCLUDE_SOURCE;
				MTL_FAST_MATH = YES;
				ONLY_ACTIVE_ARCH = YES;
				SDKROOT = iphoneos;
				SWIFT_ACTIVE_COMPILATION_CONDITIONS = DEBUG;
				SWIFT_OPTIMIZATION_LEVEL = "-Onone";
			};
			name = Debug;
		};
		A04DC6712826D0DE00A725E6 /* Release */ = {
			isa = XCBuildConfiguration;
			buildSettings = {
				ALWAYS_SEARCH_USER_PATHS = NO;
				CLANG_ANALYZER_NONNULL = YES;
				CLANG_ANALYZER_NUMBER_OBJECT_CONVERSION = YES_AGGRESSIVE;
				CLANG_CXX_LANGUAGE_STANDARD = "gnu++17";
				CLANG_ENABLE_MODULES = YES;
				CLANG_ENABLE_OBJC_ARC = YES;
				CLANG_ENABLE_OBJC_WEAK = YES;
				CLANG_WARN_BLOCK_CAPTURE_AUTORELEASING = YES;
				CLANG_WARN_BOOL_CONVERSION = YES;
				CLANG_WARN_COMMA = YES;
				CLANG_WARN_CONSTANT_CONVERSION = YES;
				CLANG_WARN_DEPRECATED_OBJC_IMPLEMENTATIONS = YES;
				CLANG_WARN_DIRECT_OBJC_ISA_USAGE = YES_ERROR;
				CLANG_WARN_DOCUMENTATION_COMMENTS = YES;
				CLANG_WARN_EMPTY_BODY = YES;
				CLANG_WARN_ENUM_CONVERSION = YES;
				CLANG_WARN_INFINITE_RECURSION = YES;
				CLANG_WARN_INT_CONVERSION = YES;
				CLANG_WARN_NON_LITERAL_NULL_CONVERSION = YES;
				CLANG_WARN_OBJC_IMPLICIT_RETAIN_SELF = YES;
				CLANG_WARN_OBJC_LITERAL_CONVERSION = YES;
				CLANG_WARN_OBJC_ROOT_CLASS = YES_ERROR;
				CLANG_WARN_QUOTED_INCLUDE_IN_FRAMEWORK_HEADER = YES;
				CLANG_WARN_RANGE_LOOP_ANALYSIS = YES;
				CLANG_WARN_STRICT_PROTOTYPES = YES;
				CLANG_WARN_SUSPICIOUS_MOVE = YES;
				CLANG_WARN_UNGUARDED_AVAILABILITY = YES_AGGRESSIVE;
				CLANG_WARN_UNREACHABLE_CODE = YES;
				CLANG_WARN__DUPLICATE_METHOD_MATCH = YES;
				COPY_PHASE_STRIP = NO;
				DEBUG_INFORMATION_FORMAT = "dwarf-with-dsym";
				ENABLE_NS_ASSERTIONS = NO;
				ENABLE_STRICT_OBJC_MSGSEND = YES;
				GCC_C_LANGUAGE_STANDARD = gnu11;
				GCC_NO_COMMON_BLOCKS = YES;
				GCC_WARN_64_TO_32_BIT_CONVERSION = YES;
				GCC_WARN_ABOUT_RETURN_TYPE = YES_ERROR;
				GCC_WARN_UNDECLARED_SELECTOR = YES;
				GCC_WARN_UNINITIALIZED_AUTOS = YES_AGGRESSIVE;
				GCC_WARN_UNUSED_FUNCTION = YES;
				GCC_WARN_UNUSED_VARIABLE = YES;
				IPHONEOS_DEPLOYMENT_TARGET = 15.4;
				MTL_ENABLE_DEBUG_INFO = NO;
				MTL_FAST_MATH = YES;
				SDKROOT = iphoneos;
				SWIFT_COMPILATION_MODE = wholemodule;
				SWIFT_OPTIMIZATION_LEVEL = "-O";
				VALIDATE_PRODUCT = YES;
			};
			name = Release;
		};
		A04DC6732826D0DE00A725E6 /* Debug */ = {
			isa = XCBuildConfiguration;
			buildSettings = {
				ASSETCATALOG_COMPILER_APPICON_NAME = AppIcon;
				ASSETCATALOG_COMPILER_GLOBAL_ACCENT_COLOR_NAME = AccentColor;
				CODE_SIGN_STYLE = Automatic;
				CURRENT_PROJECT_VERSION = 1;
				GENERATE_INFOPLIST_FILE = YES;
				INFOPLIST_FILE = libraryLoanAmr/Info.plist;
				INFOPLIST_KEY_UIApplicationSupportsIndirectInputEvents = YES;
				INFOPLIST_KEY_UILaunchStoryboardName = LaunchScreen;
				INFOPLIST_KEY_UIMainStoryboardFile = Main;
				INFOPLIST_KEY_UISupportedInterfaceOrientations_iPad = "UIInterfaceOrientationPortrait UIInterfaceOrientationPortraitUpsideDown UIInterfaceOrientationLandscapeLeft UIInterfaceOrientationLandscapeRight";
				INFOPLIST_KEY_UISupportedInterfaceOrientations_iPhone = "UIInterfaceOrientationPortrait UIInterfaceOrientationLandscapeLeft UIInterfaceOrientationLandscapeRight";
				LD_RUNPATH_SEARCH_PATHS = (
					"$(inherited)",
					"@executable_path/Frameworks",
				);
				MARKETING_VERSION = 1.0;
				PRODUCT_BUNDLE_IDENTIFIER = com.monggo.libraryLoanAmr;
				PRODUCT_NAME = "$(TARGET_NAME)";
				SWIFT_EMIT_LOC_STRINGS = YES;
				SWIFT_VERSION = 5.0;
				TARGETED_DEVICE_FAMILY = "1,2";
			};
			name = Debug;
		};
		A04DC6742826D0DE00A725E6 /* Release */ = {
			isa = XCBuildConfiguration;
			buildSettings = {
				ASSETCATALOG_COMPILER_APPICON_NAME = AppIcon;
				ASSETCATALOG_COMPILER_GLOBAL_ACCENT_COLOR_NAME = AccentColor;
				CODE_SIGN_STYLE = Automatic;
				CURRENT_PROJECT_VERSION = 1;
				GENERATE_INFOPLIST_FILE = YES;
				INFOPLIST_FILE = libraryLoanAmr/Info.plist;
				INFOPLIST_KEY_UIApplicationSupportsIndirectInputEvents = YES;
				INFOPLIST_KEY_UILaunchStoryboardName = LaunchScreen;
				INFOPLIST_KEY_UIMainStoryboardFile = Main;
				INFOPLIST_KEY_UISupportedInterfaceOrientations_iPad = "UIInterfaceOrientationPortrait UIInterfaceOrientationPortraitUpsideDown UIInterfaceOrientationLandscapeLeft UIInterfaceOrientationLandscapeRight";
				INFOPLIST_KEY_UISupportedInterfaceOrientations_iPhone = "UIInterfaceOrientationPortrait UIInterfaceOrientationLandscapeLeft UIInterfaceOrientationLandscapeRight";
				LD_RUNPATH_SEARCH_PATHS = (
					"$(inherited)",
					"@executable_path/Frameworks",
				);
				MARKETING_VERSION = 1.0;
				PRODUCT_BUNDLE_IDENTIFIER = com.monggo.libraryLoanAmr;
				PRODUCT_NAME = "$(TARGET_NAME)";
				SWIFT_EMIT_LOC_STRINGS = YES;
				SWIFT_VERSION = 5.0;
				TARGETED_DEVICE_FAMILY = "1,2";
			};
			name = Release;
		};
/* End XCBuildConfiguration section */

/* Begin XCConfigurationList section */
		A04DC6592826D0DB00A725E6 /* Build configuration list for PBXProject "libraryLoanAmr" */ = {
			isa = XCConfigurationList;
			buildConfigurations = (
				A04DC6702826D0DE00A725E6 /* Debug */,
				A04DC6712826D0DE00A725E6 /* Release */,
			);
			defaultConfigurationIsVisible = 0;
			defaultConfigurationName = Release;
		};
		A04DC6722826D0DE00A725E6 /* Build configuration list for PBXNativeTarget "libraryLoanAmr" */ = {
			isa = XCConfigurationList;
			buildConfigurations = (
				A04DC6732826D0DE00A725E6 /* Debug */,
				A04DC6742826D0DE00A725E6 /* Release */,
			);
			defaultConfigurationIsVisible = 0;
			defaultConfigurationName = Release;
		};
/* End XCConfigurationList section */
	};
	rootObject = A04DC6562826D0DB00A725E6 /* Project object */;
}
